Microsoft Visual Studio Solution File, Format Version 12.00
# Visual Studio Version 17
VisualStudioVersion = 17.5.2.0
MinimumVisualStudioVersion = 10.0.40219.1
Project("{FAE04EC0-301F-11D3-BF4B-00C04F79EFBC}") = "aplicacionproyect", "aplicacionproyect.csproj", "{F05464EC-D1D5-B7EE-8218-6682F0BFA964}"
EndProject
Global
	GlobalSection(SolutionConfigurationPlatforms) = preSolution
		Debug|Any CPU = Debug|Any CPU
		Release|Any CPU = Release|Any CPU
	EndGlobalSection
	GlobalSection(ProjectConfigurationPlatforms) = postSolution
		{F05464EC-D1D5-B7EE-8218-6682F0BFA964}.Debug|Any CPU.ActiveCfg = Debug|Any CPU
		{F05464EC-D1D5-B7EE-8218-6682F0BFA964}.Debug|Any CPU.Build.0 = Debug|Any CPU
		{F05464EC-D1D5-B7EE-8218-6682F0BFA964}.Release|Any CPU.ActiveCfg = Release|Any CPU
		{F05464EC-D1D5-B7EE-8218-6682F0BFA964}.Release|Any CPU.Build.0 = Release|Any CPU
	EndGlobalSection
	GlobalSection(SolutionProperties) = preSolution
		HideSolutionNode = FALSE
	EndGlobalSection
	GlobalSection(ExtensibilityGlobals) = postSolution
		SolutionGuid = {50E07513-8D06-49BA-9622-CEDC13C28E15}
	EndGlobalSection
EndGlobal
